
Microsoft Visual Studio Solution File, Format Version 12.00
# Visual Studio Version 17
VisualStudioVersion = 17.0.32002.185
MinimumVisualStudioVersion = 10.0.40219.1
Project("{FAE04EC0-301F-11D3-BF4B-00C04F79EFBC}") = "BlazorApp6", "BlazorApp6.csproj", "{3C31CC86-807A-4E84-AC51-B8E5427DA70A}"
EndProject
Global
	GlobalSection(SolutionConfigurationPlatforms) = preSolution
		Debug|Any CPU = Debug|Any CPU
		Release|Any CPU = Release|Any CPU
	EndGlobalSection
	GlobalSection(ProjectConfigurationPlatforms) = postSolution
		{3C31CC86-807A-4E84-AC51-B8E5427DA70A}.Debug|Any CPU.ActiveCfg = Debug|Any CPU
		{3C31CC86-807A-4E84-AC51-B8E5427DA70A}.Debug|Any CPU.Build.0 = Debug|Any CPU
		{3C31CC86-807A-4E84-AC51-B8E5427DA70A}.Release|Any CPU.ActiveCfg = Release|Any CPU
		{3C31CC86-807A-4E84-AC51-B8E5427DA70A}.Release|Any CPU.Build.0 = Release|Any CPU
	EndGlobalSection
	GlobalSection(SolutionProperties) = preSolution
		HideSolutionNode = FALSE
	EndGlobalSection
	GlobalSection(ExtensibilityGlobals) = postSolution
		SolutionGuid = {13A00D07-CE2D-40F1-A6BA-111E879C8E0F}
	EndGlobalSection
EndGlobal
